
Microsoft Visual Studio Solution File, Format Version 12.00
# Visual Studio Version 16
VisualStudioVersion = 16.0.31702.278
MinimumVisualStudioVersion = 10.0.40219.1
Project("{FAE04EC0-301F-11D3-BF4B-00C04F79EFBC}") = "7", "7.csproj", "{6A465DC1-D396-457D-AD95-6572A080B66A}"
EndProject
Global
	GlobalSection(SolutionConfigurationPlatforms) = preSolution
		Debug|Any CPU = Debug|Any CPU
		Release|Any CPU = Release|Any CPU
	EndGlobalSection
	GlobalSection(ProjectConfigurationPlatforms) = postSolution
		{6A465DC1-D396-457D-AD95-6572A080B66A}.Debug|Any CPU.ActiveCfg = Debug|Any CPU
		{6A465DC1-D396-457D-AD95-6572A080B66A}.Debug|Any CPU.Build.0 = Debug|Any CPU
		{6A465DC1-D396-457D-AD95-6572A080B66A}.Release|Any CPU.ActiveCfg = Release|Any CPU
		{6A465DC1-D396-457D-AD95-6572A080B66A}.Release|Any CPU.Build.0 = Release|Any CPU
	EndGlobalSection
	GlobalSection(SolutionProperties) = preSolution
		HideSolutionNode = FALSE
	EndGlobalSection
	GlobalSection(ExtensibilityGlobals) = postSolution
		SolutionGuid = {335AB8B3-23FF-4390-ABB8-9C35CB3E2639}
	EndGlobalSection
EndGlobal
