
Microsoft Visual Studio Solution File, Format Version 12.00
# Visual Studio Version 16
VisualStudioVersion = 16.0.31702.278
MinimumVisualStudioVersion = 10.0.40219.1
Project("{FAE04EC0-301F-11D3-BF4B-00C04F79EFBC}") = "table", "table.csproj", "{1471B882-21A9-4D75-9CD9-E8FC116833CD}"
EndProject
Global
	GlobalSection(SolutionConfigurationPlatforms) = preSolution
		Debug|Any CPU = Debug|Any CPU
		Release|Any CPU = Release|Any CPU
	EndGlobalSection
	GlobalSection(ProjectConfigurationPlatforms) = postSolution
		{1471B882-21A9-4D75-9CD9-E8FC116833CD}.Debug|Any CPU.ActiveCfg = Debug|Any CPU
		{1471B882-21A9-4D75-9CD9-E8FC116833CD}.Debug|Any CPU.Build.0 = Debug|Any CPU
		{1471B882-21A9-4D75-9CD9-E8FC116833CD}.Release|Any CPU.ActiveCfg = Release|Any CPU
		{1471B882-21A9-4D75-9CD9-E8FC116833CD}.Release|Any CPU.Build.0 = Release|Any CPU
	EndGlobalSection
	GlobalSection(SolutionProperties) = preSolution
		HideSolutionNode = FALSE
	EndGlobalSection
	GlobalSection(ExtensibilityGlobals) = postSolution
		SolutionGuid = {E3EA1A63-F222-4DEA-B842-58BEBF4E8850}
	EndGlobalSection
EndGlobal
